
Microsoft Visual Studio Solution File, Format Version 12.00
# Visual Studio Version 17
VisualStudioVersion = 17.4.33205.214
MinimumVisualStudioVersion = 10.0.40219.1
Project("{9A19103F-16F7-4668-BE54-9A1E7A4F7556}") = "ProductShopDemo", "ProductShopDemo.csproj", "{5AA679C0-5393-4530-BB86-8B27EE36CE27}"
EndProject
Global
	GlobalSection(SolutionConfigurationPlatforms) = preSolution
		Debug|Any CPU = Debug|Any CPU
		Release|Any CPU = Release|Any CPU
	EndGlobalSection
	GlobalSection(ProjectConfigurationPlatforms) = postSolution
		{5AA679C0-5393-4530-BB86-8B27EE36CE27}.Debug|Any CPU.ActiveCfg = Debug|Any CPU
		{5AA679C0-5393-4530-BB86-8B27EE36CE27}.Debug|Any CPU.Build.0 = Debug|Any CPU
		{5AA679C0-5393-4530-BB86-8B27EE36CE27}.Release|Any CPU.ActiveCfg = Release|Any CPU
		{5AA679C0-5393-4530-BB86-8B27EE36CE27}.Release|Any CPU.Build.0 = Release|Any CPU
	EndGlobalSection
	GlobalSection(SolutionProperties) = preSolution
		HideSolutionNode = FALSE
	EndGlobalSection
	GlobalSection(ExtensibilityGlobals) = postSolution
		SolutionGuid = {5857A827-CEEA-4D4D-A1F6-52625427C5D8}
	EndGlobalSection
EndGlobal
